
Microsoft Visual Studio Solution File, Format Version 12.00
# Visual Studio Version 17
VisualStudioVersion = 17.9.34616.47
MinimumVisualStudioVersion = 10.0.40219.1
Project("{8BC9CEB8-8B4A-11D0-8D11-00A0C91BC942}") = "constuctor", "constuctor\constuctor.vcxproj", "{63D62ED3-11E9-4AB6-A3DB-7255574769AA}"
EndProject
Project("{8BC9CEB8-8B4A-11D0-8D11-00A0C91BC942}") = "destuktor", "destuktor\destuktor.vcxproj", "{23B8E44B-76A7-4DA1-90A6-46AA36D7F0C6}"
EndProject
Project("{8BC9CEB8-8B4A-11D0-8D11-00A0C91BC942}") = "staticfunction", "staticfunction\staticfunction.vcxproj", "{D797B329-F7B3-49FF-AF40-8CBA518D8948}"
EndProject
Project("{8BC9CEB8-8B4A-11D0-8D11-00A0C91BC942}") = "destruktor 2", "destruktor 2\destruktor 2.vcxproj", "{247D3A83-D26B-4ACB-8C68-2A1230142161}"
EndProject
Project("{8BC9CEB8-8B4A-11D0-8D11-00A0C91BC942}") = "ConsoleApplication1", "ConsoleApplication1\ConsoleApplication1.vcxproj", "{A582B119-731A-4F3A-8E11-43D0C3026E4E}"
EndProject
Global
	GlobalSection(SolutionConfigurationPlatforms) = preSolution
		Debug|x64 = Debug|x64
		Debug|x86 = Debug|x86
		Release|x64 = Release|x64
		Release|x86 = Release|x86
	EndGlobalSection
	GlobalSection(ProjectConfigurationPlatforms) = postSolution
		{63D62ED3-11E9-4AB6-A3DB-7255574769AA}.Debug|x64.ActiveCfg = Debug|x64
		{63D62ED3-11E9-4AB6-A3DB-7255574769AA}.Debug|x64.Build.0 = Debug|x64
		{63D62ED3-11E9-4AB6-A3DB-7255574769AA}.Debug|x86.ActiveCfg = Debug|Win32
		{63D62ED3-11E9-4AB6-A3DB-7255574769AA}.Debug|x86.Build.0 = Debug|Win32
		{63D62ED3-11E9-4AB6-A3DB-7255574769AA}.Release|x64.ActiveCfg = Release|x64
		{63D62ED3-11E9-4AB6-A3DB-7255574769AA}.Release|x64.Build.0 = Release|x64
		{63D62ED3-11E9-4AB6-A3DB-7255574769AA}.Release|x86.ActiveCfg = Release|Win32
		{63D62ED3-11E9-4AB6-A3DB-7255574769AA}.Release|x86.Build.0 = Release|Win32
		{23B8E44B-76A7-4DA1-90A6-46AA36D7F0C6}.Debug|x64.ActiveCfg = Debug|x64
		{23B8E44B-76A7-4DA1-90A6-46AA36D7F0C6}.Debug|x64.Build.0 = Debug|x64
		{23B8E44B-76A7-4DA1-90A6-46AA36D7F0C6}.Debug|x86.ActiveCfg = Debug|Win32
		{23B8E44B-76A7-4DA1-90A6-46AA36D7F0C6}.Debug|x86.Build.0 = Debug|Win32
		{23B8E44B-76A7-4DA1-90A6-46AA36D7F0C6}.Release|x64.ActiveCfg = Release|x64
		{23B8E44B-76A7-4DA1-90A6-46AA36D7F0C6}.Release|x64.Build.0 = Release|x64
		{23B8E44B-76A7-4DA1-90A6-46AA36D7F0C6}.Release|x86.ActiveCfg = Release|Win32
		{23B8E44B-76A7-4DA1-90A6-46AA36D7F0C6}.Release|x86.Build.0 = Release|Win32
		{D797B329-F7B3-49FF-AF40-8CBA518D8948}.Debug|x64.ActiveCfg = Debug|x64
		{D797B329-F7B3-49FF-AF40-8CBA518D8948}.Debug|x64.Build.0 = Debug|x64
		{D797B329-F7B3-49FF-AF40-8CBA518D8948}.Debug|x86.ActiveCfg = Debug|Win32
		{D797B329-F7B3-49FF-AF40-8CBA518D8948}.Debug|x86.Build.0 = Debug|Win32
		{D797B329-F7B3-49FF-AF40-8CBA518D8948}.Release|x64.ActiveCfg = Release|x64
		{D797B329-F7B3-49FF-AF40-8CBA518D8948}.Release|x64.Build.0 = Release|x64
		{D797B329-F7B3-49FF-AF40-8CBA518D8948}.Release|x86.ActiveCfg = Release|Win32
		{D797B329-F7B3-49FF-AF40-8CBA518D8948}.Release|x86.Build.0 = Release|Win32
		{247D3A83-D26B-4ACB-8C68-2A1230142161}.Debug|x64.ActiveCfg = Debug|x64
		{247D3A83-D26B-4ACB-8C68-2A1230142161}.Debug|x64.Build.0 = Debug|x64
		{247D3A83-D26B-4ACB-8C68-2A1230142161}.Debug|x86.ActiveCfg = Debug|Win32
		{247D3A83-D26B-4ACB-8C68-2A1230142161}.Debug|x86.Build.0 = Debug|Win32
		{247D3A83-D26B-4ACB-8C68-2A1230142161}.Release|x64.ActiveCfg = Release|x64
		{247D3A83-D26B-4ACB-8C68-2A1230142161}.Release|x64.Build.0 = Release|x64
		{247D3A83-D26B-4ACB-8C68-2A1230142161}.Release|x86.ActiveCfg = Release|Win32
		{247D3A83-D26B-4ACB-8C68-2A1230142161}.Release|x86.Build.0 = Release|Win32
		{A582B119-731A-4F3A-8E11-43D0C3026E4E}.Debug|x64.ActiveCfg = Debug|x64
		{A582B119-731A-4F3A-8E11-43D0C3026E4E}.Debug|x64.Build.0 = Debug|x64
		{A582B119-731A-4F3A-8E11-43D0C3026E4E}.Debug|x86.ActiveCfg = Debug|Win32
		{A582B119-731A-4F3A-8E11-43D0C3026E4E}.Debug|x86.Build.0 = Debug|Win32
		{A582B119-731A-4F3A-8E11-43D0C3026E4E}.Release|x64.ActiveCfg = Release|x64
		{A582B119-731A-4F3A-8E11-43D0C3026E4E}.Release|x64.Build.0 = Release|x64
		{A582B119-731A-4F3A-8E11-43D0C3026E4E}.Release|x86.ActiveCfg = Release|Win32
		{A582B119-731A-4F3A-8E11-43D0C3026E4E}.Release|x86.Build.0 = Release|Win32
	EndGlobalSection
	GlobalSection(SolutionProperties) = preSolution
		HideSolutionNode = FALSE
	EndGlobalSection
	GlobalSection(ExtensibilityGlobals) = postSolution
		SolutionGuid = {B6B446D1-0933-4A68-9691-2D71D70D3E8C}
	EndGlobalSection
EndGlobal
